
Microsoft Visual Studio Solution File, Format Version 12.00
# Visual Studio Version 16
VisualStudioVersion = 16.0.29920.165
MinimumVisualStudioVersion = 10.0.40219.1
Project("{9A19103F-16F7-4668-BE54-9A1E7A4F7556}") = "BasicRabbitMQExample.Producer", "BasicRabbitMQExample.Producer\BasicRabbitMQExample.Producer.csproj", "{F04AB38C-63E3-40D6-B5B4-BF2B8AC70D04}"
EndProject
Project("{FAE04EC0-301F-11D3-BF4B-00C04F79EFBC}") = "BasicRabbitMQExample.Consumer", "BasicRabbitMQExample.Consumer\BasicRabbitMQExample.Consumer.csproj", "{7D9DCE97-E508-419C-BF85-29164DFF4190}"
EndProject
Global
	GlobalSection(SolutionConfigurationPlatforms) = preSolution
		Debug|Any CPU = Debug|Any CPU
		Release|Any CPU = Release|Any CPU
	EndGlobalSection
	GlobalSection(ProjectConfigurationPlatforms) = postSolution
		{F04AB38C-63E3-40D6-B5B4-BF2B8AC70D04}.Debug|Any CPU.ActiveCfg = Debug|Any CPU
		{F04AB38C-63E3-40D6-B5B4-BF2B8AC70D04}.Debug|Any CPU.Build.0 = Debug|Any CPU
		{F04AB38C-63E3-40D6-B5B4-BF2B8AC70D04}.Release|Any CPU.ActiveCfg = Release|Any CPU
		{F04AB38C-63E3-40D6-B5B4-BF2B8AC70D04}.Release|Any CPU.Build.0 = Release|Any CPU
		{7D9DCE97-E508-419C-BF85-29164DFF4190}.Debug|Any CPU.ActiveCfg = Debug|Any CPU
		{7D9DCE97-E508-419C-BF85-29164DFF4190}.Debug|Any CPU.Build.0 = Debug|Any CPU
		{7D9DCE97-E508-419C-BF85-29164DFF4190}.Release|Any CPU.ActiveCfg = Release|Any CPU
		{7D9DCE97-E508-419C-BF85-29164DFF4190}.Release|Any CPU.Build.0 = Release|Any CPU
	EndGlobalSection
	GlobalSection(SolutionProperties) = preSolution
		HideSolutionNode = FALSE
	EndGlobalSection
	GlobalSection(ExtensibilityGlobals) = postSolution
		SolutionGuid = {C4997971-4D33-46EE-9766-4837DA22855D}
	EndGlobalSection
EndGlobal
