
Microsoft Visual Studio Solution File, Format Version 12.00
# Visual Studio Version 16
VisualStudioVersion = 16.0.30517.126
MinimumVisualStudioVersion = 10.0.40219.1
Project("{2150E333-8FDC-42A3-9474-1A3956D46DE8}") = "src", "src", "{5F48337B-3971-4A7E-A7C1-93A53288322D}"
EndProject
Project("{2150E333-8FDC-42A3-9474-1A3956D46DE8}") = "tests", "tests", "{F788D685-ED43-4147-A46A-2A0B23F89994}"
EndProject
Project("{FAE04EC0-301F-11D3-BF4B-00C04F79EFBC}") = "MoqLibraryTests", "tests\MoqLibraryTests\MoqLibraryTests.csproj", "{DEDBB128-CF93-4F19-837B-617E5AED1E19}"
EndProject
Project("{FAE04EC0-301F-11D3-BF4B-00C04F79EFBC}") = "NSubstituteLibraryTests", "tests\NSubstituteLibraryTests\NSubstituteLibraryTests.csproj", "{1CAB27EC-6192-418A-B82E-E816151D420D}"
EndProject
Project("{FAE04EC0-301F-11D3-BF4B-00C04F79EFBC}") = "SourceLibraryToTests", "src\SourceLibraryToTests\SourceLibraryToTests.csproj", "{CC360370-72E0-4217-A658-2A6DC6FEF931}"
EndProject
Global
	GlobalSection(SolutionConfigurationPlatforms) = preSolution
		Debug|Any CPU = Debug|Any CPU
		Release|Any CPU = Release|Any CPU
	EndGlobalSection
	GlobalSection(ProjectConfigurationPlatforms) = postSolution
		{DEDBB128-CF93-4F19-837B-617E5AED1E19}.Debug|Any CPU.ActiveCfg = Debug|Any CPU
		{DEDBB128-CF93-4F19-837B-617E5AED1E19}.Debug|Any CPU.Build.0 = Debug|Any CPU
		{DEDBB128-CF93-4F19-837B-617E5AED1E19}.Release|Any CPU.ActiveCfg = Release|Any CPU
		{DEDBB128-CF93-4F19-837B-617E5AED1E19}.Release|Any CPU.Build.0 = Release|Any CPU
		{1CAB27EC-6192-418A-B82E-E816151D420D}.Debug|Any CPU.ActiveCfg = Debug|Any CPU
		{1CAB27EC-6192-418A-B82E-E816151D420D}.Debug|Any CPU.Build.0 = Debug|Any CPU
		{1CAB27EC-6192-418A-B82E-E816151D420D}.Release|Any CPU.ActiveCfg = Release|Any CPU
		{1CAB27EC-6192-418A-B82E-E816151D420D}.Release|Any CPU.Build.0 = Release|Any CPU
		{CC360370-72E0-4217-A658-2A6DC6FEF931}.Debug|Any CPU.ActiveCfg = Debug|Any CPU
		{CC360370-72E0-4217-A658-2A6DC6FEF931}.Debug|Any CPU.Build.0 = Debug|Any CPU
		{CC360370-72E0-4217-A658-2A6DC6FEF931}.Release|Any CPU.ActiveCfg = Release|Any CPU
		{CC360370-72E0-4217-A658-2A6DC6FEF931}.Release|Any CPU.Build.0 = Release|Any CPU
	EndGlobalSection
	GlobalSection(SolutionProperties) = preSolution
		HideSolutionNode = FALSE
	EndGlobalSection
	GlobalSection(NestedProjects) = preSolution
		{DEDBB128-CF93-4F19-837B-617E5AED1E19} = {F788D685-ED43-4147-A46A-2A0B23F89994}
		{1CAB27EC-6192-418A-B82E-E816151D420D} = {F788D685-ED43-4147-A46A-2A0B23F89994}
		{CC360370-72E0-4217-A658-2A6DC6FEF931} = {5F48337B-3971-4A7E-A7C1-93A53288322D}
	EndGlobalSection
	GlobalSection(ExtensibilityGlobals) = postSolution
		SolutionGuid = {F3990F08-BE84-4AE8-9EF1-7E48564E628A}
	EndGlobalSection
EndGlobal
